// !$*UTF8*$!
{
	archiveVersion = 1;
	classes = {
	};
	objectVersion = 55;
	objects = {

/* Begin PBXBuildFile section */
		690B9D48283D669F0054499E /* OnboardingViewController.swift in Sources */ = {isa = PBXBuildFile; fileRef = 690B9D47283D669F0054499E /* OnboardingViewController.swift */; };
		690B9D4B283D6AB20054499E /* UIView+Extension.swift in Sources */ = {isa = PBXBuildFile; fileRef = 690B9D4A283D6AB20054499E /* UIView+Extension.swift */; };
		690B9D4D283D6CBA0054499E /* OnboardingSlide.swift in Sources */ = {isa = PBXBuildFile; fileRef = 690B9D4C283D6CBA0054499E /* OnboardingSlide.swift */; };
		690B9D4F283D6EBB0054499E /* OnboardingCollectionViewCell.swift in Sources */ = {isa = PBXBuildFile; fileRef = 690B9D4E283D6EBB0054499E /* OnboardingCollectionViewCell.swift */; };
		69376FBC2819C1F70003B791 /* Segment.swift in Sources */ = {isa = PBXBuildFile; fileRef = 69376FBB2819C1F70003B791 /* Segment.swift */; };
		696F16D027FDFE55004571BA /* AppDelegate.swift in Sources */ = {isa = PBXBuildFile; fileRef = 696F16CF27FDFE55004571BA /* AppDelegate.swift */; };
		696F16D227FDFE55004571BA /* SceneDelegate.swift in Sources */ = {isa = PBXBuildFile; fileRef = 696F16D127FDFE55004571BA /* SceneDelegate.swift */; };
		696F16D427FDFE55004571BA /* ViewController.swift in Sources */ = {isa = PBXBuildFile; fileRef = 696F16D327FDFE55004571BA /* ViewController.swift */; };
		696F16D727FDFE55004571BA /* Main.storyboard in Resources */ = {isa = PBXBuildFile; fileRef = 696F16D527FDFE55004571BA /* Main.storyboard */; };
		696F16DA27FDFE55004571BA /* MarketList.xcdatamodeld in Sources */ = {isa = PBXBuildFile; fileRef = 696F16D827FDFE55004571BA /* MarketList.xcdatamodeld */; };
		696F16DC27FDFE57004571BA /* Assets.xcassets in Resources */ = {isa = PBXBuildFile; fileRef = 696F16DB27FDFE57004571BA /* Assets.xcassets */; };
		696F16DF27FDFE57004571BA /* LaunchScreen.storyboard in Resources */ = {isa = PBXBuildFile; fileRef = 696F16DD27FDFE57004571BA /* LaunchScreen.storyboard */; };
		696F16E827FE0505004571BA /* TableViewCell.swift in Sources */ = {isa = PBXBuildFile; fileRef = 696F16E727FE0505004571BA /* TableViewCell.swift */; };
		696F16EA27FE052C004571BA /* ViewControllerAddItem.swift in Sources */ = {isa = PBXBuildFile; fileRef = 696F16E927FE052C004571BA /* ViewControllerAddItem.swift */; };
/* End PBXBuildFile section */

/* Begin PBXFileReference section */
		690B9D47283D669F0054499E /* OnboardingViewController.swift */ = {isa = PBXFileReference; lastKnownFileType = sourcecode.swift; path = OnboardingViewController.swift; sourceTree = "<group>"; };
		690B9D4A283D6AB20054499E /* UIView+Extension.swift */ = {isa = PBXFileReference; lastKnownFileType = sourcecode.swift; path = "UIView+Extension.swift"; sourceTree = "<group>"; };
		690B9D4C283D6CBA0054499E /* OnboardingSlide.swift */ = {isa = PBXFileReference; lastKnownFileType = sourcecode.swift; path = OnboardingSlide.swift; sourceTree = "<group>"; };
		690B9D4E283D6EBB0054499E /* OnboardingCollectionViewCell.swift */ = {isa = PBXFileReference; lastKnownFileType = sourcecode.swift; path = OnboardingCollectionViewCell.swift; sourceTree = "<group>"; };
		69376FBB2819C1F70003B791 /* Segment.swift */ = {isa = PBXFileReference; lastKnownFileType = sourcecode.swift; path = Segment.swift; sourceTree = "<group>"; };
		696F16CC27FDFE55004571BA /* MarketList.app */ = {isa = PBXFileReference; explicitFileType = wrapper.application; includeInIndex = 0; path = MarketList.app; sourceTree = BUILT_PRODUCTS_DIR; };
		696F16CF27FDFE55004571BA /* AppDelegate.swift */ = {isa = PBXFileReference; lastKnownFileType = sourcecode.swift; path = AppDelegate.swift; sourceTree = "<group>"; };
		696F16D127FDFE55004571BA /* SceneDelegate.swift */ = {isa = PBXFileReference; lastKnownFileType = sourcecode.swift; path = SceneDelegate.swift; sourceTree = "<group>"; };
		696F16D327FDFE55004571BA /* ViewController.swift */ = {isa = PBXFileReference; lastKnownFileType = sourcecode.swift; path = ViewController.swift; sourceTree = "<group>"; };
		696F16D627FDFE55004571BA /* Base */ = {isa = PBXFileReference; lastKnownFileType = file.storyboard; name = Base; path = Base.lproj/Main.storyboard; sourceTree = "<group>"; };
		696F16D927FDFE55004571BA /* MarketList.xcdatamodel */ = {isa = PBXFileReference; lastKnownFileType = wrapper.xcdatamodel; path = MarketList.xcdatamodel; sourceTree = "<group>"; };
		696F16DB27FDFE57004571BA /* Assets.xcassets */ = {isa = PBXFileReference; lastKnownFileType = folder.assetcatalog; path = Assets.xcassets; sourceTree = "<group>"; };
		696F16DE27FDFE57004571BA /* Base */ = {isa = PBXFileReference; lastKnownFileType = file.storyboard; name = Base; path = Base.lproj/LaunchScreen.storyboard; sourceTree = "<group>"; };
		696F16E027FDFE57004571BA /* Info.plist */ = {isa = PBXFileReference; lastKnownFileType = text.plist.xml; path = Info.plist; sourceTree = "<group>"; };
		696F16E727FE0505004571BA /* TableViewCell.swift */ = {isa = PBXFileReference; lastKnownFileType = sourcecode.swift; path = TableViewCell.swift; sourceTree = "<group>"; };
		696F16E927FE052C004571BA /* ViewControllerAddItem.swift */ = {isa = PBXFileReference; lastKnownFileType = sourcecode.swift; path = ViewControllerAddItem.swift; sourceTree = "<group>"; };
/* End PBXFileReference section */

/* Begin PBXFrameworksBuildPhase section */
		696F16C927FDFE55004571BA /* Frameworks */ = {
			isa = PBXFrameworksBuildPhase;
			buildActionMask = 2147483647;
			files = (
			);
			runOnlyForDeploymentPostprocessing = 0;
		};
/* End PBXFrameworksBuildPhase section */

/* Begin PBXGroup section */
		690B9D45283D664C0054499E /* Views */ = {
			isa = PBXGroup;
			children = (
				690B9D46283D66640054499E /* Onboarding */,
			);
			path = Views;
			sourceTree = "<group>";
		};
		690B9D46283D66640054499E /* Onboarding */ = {
			isa = PBXGroup;
			children = (
				690B9D47283D669F0054499E /* OnboardingViewController.swift */,
				690B9D4E283D6EBB0054499E /* OnboardingCollectionViewCell.swift */,
			);
			path = Onboarding;
			sourceTree = "<group>";
		};
		690B9D49283D6A950054499E /* Extensions */ = {
			isa = PBXGroup;
			children = (
				690B9D4A283D6AB20054499E /* UIView+Extension.swift */,
			);
			path = Extensions;
			sourceTree = "<group>";
		};
		696F16C327FDFE55004571BA = {
			isa = PBXGroup;
			children = (
				696F16CE27FDFE55004571BA /* MarketList */,
				696F16CD27FDFE55004571BA /* Products */,
			);
			sourceTree = "<group>";
		};
		696F16CD27FDFE55004571BA /* Products */ = {
			isa = PBXGroup;
			children = (
				696F16CC27FDFE55004571BA /* MarketList.app */,
			);
			name = Products;
			sourceTree = "<group>";
		};
		696F16CE27FDFE55004571BA /* MarketList */ = {
			isa = PBXGroup;
			children = (
				690B9D49283D6A950054499E /* Extensions */,
				696F16CF27FDFE55004571BA /* AppDelegate.swift */,
				690B9D4C283D6CBA0054499E /* OnboardingSlide.swift */,
				696F16D127FDFE55004571BA /* SceneDelegate.swift */,
				696F16D327FDFE55004571BA /* ViewController.swift */,
				690B9D45283D664C0054499E /* Views */,
				69376FBB2819C1F70003B791 /* Segment.swift */,
				696F16E927FE052C004571BA /* ViewControllerAddItem.swift */,
				696F16E727FE0505004571BA /* TableViewCell.swift */,
				696F16D527FDFE55004571BA /* Main.storyboard */,
				696F16DB27FDFE57004571BA /* Assets.xcassets */,
				696F16DD27FDFE57004571BA /* LaunchScreen.storyboard */,
				696F16E027FDFE57004571BA /* Info.plist */,
				696F16D827FDFE55004571BA /* MarketList.xcdatamodeld */,
			);
			path = MarketList;
			sourceTree = "<group>";
		};
/* End PBXGroup section */

/* Begin PBXNativeTarget section */
		696F16CB27FDFE55004571BA /* MarketList */ = {
			isa = PBXNativeTarget;
			buildConfigurationList = 696F16E327FDFE57004571BA /* Build configuration list for PBXNativeTarget "MarketList" */;
			buildPhases = (
				696F16C827FDFE55004571BA /* Sources */,
				696F16C927FDFE55004571BA /* Frameworks */,
				696F16CA27FDFE55004571BA /* Resources */,
			);
			buildRules = (
			);
			dependencies = (
			);
			name = MarketList;
			productName = MarketList;
			productReference = 696F16CC27FDFE55004571BA /* MarketList.app */;
			productType = "com.apple.product-type.application";
		};
/* End PBXNativeTarget section */

/* Begin PBXProject section */
		696F16C427FDFE55004571BA /* Project object */ = {
			isa = PBXProject;
			attributes = {
				BuildIndependentTargetsInParallel = 1;
				LastSwiftUpdateCheck = 1320;
				LastUpgradeCheck = 1320;
				TargetAttributes = {
					696F16CB27FDFE55004571BA = {
						CreatedOnToolsVersion = 13.2;
					};
				};
			};
			buildConfigurationList = 696F16C727FDFE55004571BA /* Build configuration list for PBXProject "MarketList" */;
			compatibilityVersion = "Xcode 13.0";
			developmentRegion = en;
			hasScannedForEncodings = 0;
			knownRegions = (
				en,
				Base,
			);
			mainGroup = 696F16C327FDFE55004571BA;
			productRefGroup = 696F16CD27FDFE55004571BA /* Products */;
			projectDirPath = "";
			projectRoot = "";
			targets = (
				696F16CB27FDFE55004571BA /* MarketList */,
			);
		};
/* End PBXProject section */

/* Begin PBXResourcesBuildPhase section */
		696F16CA27FDFE55004571BA /* Resources */ = {
			isa = PBXResourcesBuildPhase;
			buildActionMask = 2147483647;
			files = (
				696F16DF27FDFE57004571BA /* LaunchScreen.storyboard in Resources */,
				696F16DC27FDFE57004571BA /* Assets.xcassets in Resources */,
				696F16D727FDFE55004571BA /* Main.storyboard in Resources */,
			);
			runOnlyForDeploymentPostprocessing = 0;
		};
/* End PBXResourcesBuildPhase section */

/* Begin PBXSourcesBuildPhase section */
		696F16C827FDFE55004571BA /* Sources */ = {
			isa = PBXSourcesBuildPhase;
			buildActionMask = 2147483647;
			files = (
				690B9D4D283D6CBA0054499E /* OnboardingSlide.swift in Sources */,
				696F16E827FE0505004571BA /* TableViewCell.swift in Sources */,
				696F16D427FDFE55004571BA /* ViewController.swift in Sources */,
				696F16D027FDFE55004571BA /* AppDelegate.swift in Sources */,
				690B9D4B283D6AB20054499E /* UIView+Extension.swift in Sources */,
				690B9D48283D669F0054499E /* OnboardingViewController.swift in Sources */,
				69376FBC2819C1F70003B791 /* Segment.swift in Sources */,
				696F16EA27FE052C004571BA /* ViewControllerAddItem.swift in Sources */,
				696F16D227FDFE55004571BA /* SceneDelegate.swift in Sources */,
				696F16DA27FDFE55004571BA /* MarketList.xcdatamodeld in Sources */,
				690B9D4F283D6EBB0054499E /* OnboardingCollectionViewCell.swift in Sources */,
			);
			runOnlyForDeploymentPostprocessing = 0;
		};
/* End PBXSourcesBuildPhase section */

/* Begin PBXVariantGroup section */
		696F16D527FDFE55004571BA /* Main.storyboard */ = {
			isa = PBXVariantGroup;
			children = (
				696F16D627FDFE55004571BA /* Base */,
			);
			name = Main.storyboard;
			sourceTree = "<group>";
		};
		696F16DD27FDFE57004571BA /* LaunchScreen.storyboard */ = {
			isa = PBXVariantGroup;
			children = (
				696F16DE27FDFE57004571BA /* Base */,
			);
			name = LaunchScreen.storyboard;
			sourceTree = "<group>";
		};
/* End PBXVariantGroup section */

/* Begin XCBuildConfiguration section */
		696F16E127FDFE57004571BA /* Debug */ = {
			isa = XCBuildConfiguration;
			buildSettings = {
				ALWAYS_SEARCH_USER_PATHS = NO;
				CLANG_ANALYZER_NONNULL = YES;
				CLANG_ANALYZER_NUMBER_OBJECT_CONVERSION = YES_AGGRESSIVE;
				CLANG_CXX_LANGUAGE_STANDARD = "gnu++17";
				CLANG_CXX_LIBRARY = "libc++";
				CLANG_ENABLE_MODULES = YES;
				CLANG_ENABLE_OBJC_ARC = YES;
				CLANG_ENABLE_OBJC_WEAK = YES;
				CLANG_WARN_BLOCK_CAPTURE_AUTORELEASING = YES;
				CLANG_WARN_BOOL_CONVERSION = YES;
				CLANG_WARN_COMMA = YES;
				CLANG_WARN_CONSTANT_CONVERSION = YES;
				CLANG_WARN_DEPRECATED_OBJC_IMPLEMENTATIONS = YES;
				CLANG_WARN_DIRECT_OBJC_ISA_USAGE = YES_ERROR;
				CLANG_WARN_DOCUMENTATION_COMMENTS = YES;
				CLANG_WARN_EMPTY_BODY = YES;
				CLANG_WARN_ENUM_CONVERSION = YES;
				CLANG_WARN_INFINITE_RECURSION = YES;
				CLANG_WARN_INT_CONVERSION = YES;
				CLANG_WARN_NON_LITERAL_NULL_CONVERSION = YES;
				CLANG_WARN_OBJC_IMPLICIT_RETAIN_SELF = YES;
				CLANG_WARN_OBJC_LITERAL_CONVERSION = YES;
				CLANG_WARN_OBJC_ROOT_CLASS = YES_ERROR;
				CLANG_WARN_QUOTED_INCLUDE_IN_FRAMEWORK_HEADER = YES;
				CLANG_WARN_RANGE_LOOP_ANALYSIS = YES;
				CLANG_WARN_STRICT_PROTOTYPES = YES;
				CLANG_WARN_SUSPICIOUS_MOVE = YES;
				CLANG_WARN_UNGUARDED_AVAILABILITY = YES_AGGRESSIVE;
				CLANG_WARN_UNREACHABLE_CODE = YES;
				CLANG_WARN__DUPLICATE_METHOD_MATCH = YES;
				COPY_PHASE_STRIP = NO;
				DEBUG_INFORMATION_FORMAT = dwarf;
				ENABLE_STRICT_OBJC_MSGSEND = YES;
				ENABLE_TESTABILITY = YES;
				GCC_C_LANGUAGE_STANDARD = gnu11;
				GCC_DYNAMIC_NO_PIC = NO;
				GCC_NO_COMMON_BLOCKS = YES;
				GCC_OPTIMIZATION_LEVEL = 0;
				GCC_PREPROCESSOR_DEFINITIONS = (
					"DEBUG=1",
					"$(inherited)",
				);
				GCC_WARN_64_TO_32_BIT_CONVERSION = YES;
				GCC_WARN_ABOUT_RETURN_TYPE = YES_ERROR;
				GCC_WARN_UNDECLARED_SELECTOR = YES;
				GCC_WARN_UNINITIALIZED_AUTOS = YES_AGGRESSIVE;
				GCC_WARN_UNUSED_FUNCTION = YES;
				GCC_WARN_UNUSED_VARIABLE = YES;
				IPHONEOS_DEPLOYMENT_TARGET = 15.2;
				MTL_ENABLE_DEBUG_INFO = INCLUDE_SOURCE;
				MTL_FAST_MATH = YES;
				ONLY_ACTIVE_ARCH = YES;
				SDKROOT = iphoneos;
				SWIFT_ACTIVE_COMPILATION_CONDITIONS = DEBUG;
				SWIFT_OPTIMIZATION_LEVEL = "-Onone";
			};
			name = Debug;
		};
		696F16E227FDFE57004571BA /* Release */ = {
			isa = XCBuildConfiguration;
			buildSettings = {
				ALWAYS_SEARCH_USER_PATHS = NO;
				CLANG_ANALYZER_NONNULL = YES;
				CLANG_ANALYZER_NUMBER_OBJECT_CONVERSION = YES_AGGRESSIVE;
				CLANG_CXX_LANGUAGE_STANDARD = "gnu++17";
				CLANG_CXX_LIBRARY = "libc++";
				CLANG_ENABLE_MODULES = YES;
				CLANG_ENABLE_OBJC_ARC = YES;
				CLANG_ENABLE_OBJC_WEAK = YES;
				CLANG_WARN_BLOCK_CAPTURE_AUTORELEASING = YES;
				CLANG_WARN_BOOL_CONVERSION = YES;
				CLANG_WARN_COMMA = YES;
				CLANG_WARN_CONSTANT_CONVERSION = YES;
				CLANG_WARN_DEPRECATED_OBJC_IMPLEMENTATIONS = YES;
				CLANG_WARN_DIRECT_OBJC_ISA_USAGE = YES_ERROR;
				CLANG_WARN_DOCUMENTATION_COMMENTS = YES;
				CLANG_WARN_EMPTY_BODY = YES;
				CLANG_WARN_ENUM_CONVERSION = YES;
				CLANG_WARN_INFINITE_RECURSION = YES;
				CLANG_WARN_INT_CONVERSION = YES;
				CLANG_WARN_NON_LITERAL_NULL_CONVERSION = YES;
				CLANG_WARN_OBJC_IMPLICIT_RETAIN_SELF = YES;
				CLANG_WARN_OBJC_LITERAL_CONVERSION = YES;
				CLANG_WARN_OBJC_ROOT_CLASS = YES_ERROR;
				CLANG_WARN_QUOTED_INCLUDE_IN_FRAMEWORK_HEADER = YES;
				CLANG_WARN_RANGE_LOOP_ANALYSIS = YES;
				CLANG_WARN_STRICT_PROTOTYPES = YES;
				CLANG_WARN_SUSPICIOUS_MOVE = YES;
				CLANG_WARN_UNGUARDED_AVAILABILITY = YES_AGGRESSIVE;
				CLANG_WARN_UNREACHABLE_CODE = YES;
				CLANG_WARN__DUPLICATE_METHOD_MATCH = YES;
				COPY_PHASE_STRIP = NO;
				DEBUG_INFORMATION_FORMAT = "dwarf-with-dsym";
				ENABLE_NS_ASSERTIONS = NO;
				ENABLE_STRICT_OBJC_MSGSEND = YES;
				GCC_C_LANGUAGE_STANDARD = gnu11;
				GCC_NO_COMMON_BLOCKS = YES;
				GCC_WARN_64_TO_32_BIT_CONVERSION = YES;
				GCC_WARN_ABOUT_RETURN_TYPE = YES_ERROR;
				GCC_WARN_UNDECLARED_SELECTOR = YES;
				GCC_WARN_UNINITIALIZED_AUTOS = YES_AGGRESSIVE;
				GCC_WARN_UNUSED_FUNCTION = YES;
				GCC_WARN_UNUSED_VARIABLE = YES;
				IPHONEOS_DEPLOYMENT_TARGET = 15.2;
				MTL_ENABLE_DEBUG_INFO = NO;
				MTL_FAST_MATH = YES;
				SDKROOT = iphoneos;
				SWIFT_COMPILATION_MODE = wholemodule;
				SWIFT_OPTIMIZATION_LEVEL = "-O";
				VALIDATE_PRODUCT = YES;
			};
			name = Release;
		};
		696F16E427FDFE57004571BA /* Debug */ = {
			isa = XCBuildConfiguration;
			buildSettings = {
				ASSETCATALOG_COMPILER_APPICON_NAME = AppIcon;
				ASSETCATALOG_COMPILER_GLOBAL_ACCENT_COLOR_NAME = AccentColor;
				CODE_SIGN_STYLE = Automatic;
				CURRENT_PROJECT_VERSION = 1;
				DEVELOPMENT_TEAM = 5QX775TVD8;
				GENERATE_INFOPLIST_FILE = YES;
				INFOPLIST_FILE = MarketList/Info.plist;
				INFOPLIST_KEY_UIApplicationSupportsIndirectInputEvents = YES;
				INFOPLIST_KEY_UILaunchStoryboardName = LaunchScreen;
				INFOPLIST_KEY_UIMainStoryboardFile = Main;
				INFOPLIST_KEY_UISupportedInterfaceOrientations_iPad = "UIInterfaceOrientationPortrait UIInterfaceOrientationPortraitUpsideDown UIInterfaceOrientationLandscapeLeft UIInterfaceOrientationLandscapeRight";
				INFOPLIST_KEY_UISupportedInterfaceOrientations_iPhone = "UIInterfaceOrientationPortrait UIInterfaceOrientationLandscapeLeft UIInterfaceOrientationLandscapeRight";
				LD_RUNPATH_SEARCH_PATHS = (
					"$(inherited)",
					"@executable_path/Frameworks",
				);
				MARKETING_VERSION = 1.0;
				PRODUCT_BUNDLE_IDENTIFIER = FCA.UNAM.MX.MarketList;
				PRODUCT_NAME = "$(TARGET_NAME)";
				SWIFT_EMIT_LOC_STRINGS = YES;
				SWIFT_VERSION = 5.0;
				TARGETED_DEVICE_FAMILY = "1,2";
			};
			name = Debug;
		};
		696F16E527FDFE57004571BA /* Release */ = {
			isa = XCBuildConfiguration;
			buildSettings = {
				ASSETCATALOG_COMPILER_APPICON_NAME = AppIcon;
				ASSETCATALOG_COMPILER_GLOBAL_ACCENT_COLOR_NAME = AccentColor;
				CODE_SIGN_STYLE = Automatic;
				CURRENT_PROJECT_VERSION = 1;
				DEVELOPMENT_TEAM = 5QX775TVD8;
				GENERATE_INFOPLIST_FILE = YES;
				INFOPLIST_FILE = MarketList/Info.plist;
				INFOPLIST_KEY_UIApplicationSupportsIndirectInputEvents = YES;
				INFOPLIST_KEY_UILaunchStoryboardName = LaunchScreen;
				INFOPLIST_KEY_UIMainStoryboardFile = Main;
				INFOPLIST_KEY_UISupportedInterfaceOrientations_iPad = "UIInterfaceOrientationPortrait UIInterfaceOrientationPortraitUpsideDown UIInterfaceOrientationLandscapeLeft UIInterfaceOrientationLandscapeRight";
				INFOPLIST_KEY_UISupportedInterfaceOrientations_iPhone = "UIInterfaceOrientationPortrait UIInterfaceOrientationLandscapeLeft UIInterfaceOrientationLandscapeRight";
				LD_RUNPATH_SEARCH_PATHS = (
					"$(inherited)",
					"@executable_path/Frameworks",
				);
				MARKETING_VERSION = 1.0;
				PRODUCT_BUNDLE_IDENTIFIER = FCA.UNAM.MX.MarketList;
				PRODUCT_NAME = "$(TARGET_NAME)";
				SWIFT_EMIT_LOC_STRINGS = YES;
				SWIFT_VERSION = 5.0;
				TARGETED_DEVICE_FAMILY = "1,2";
			};
			name = Release;
		};
/* End XCBuildConfiguration section */

/* Begin XCConfigurationList section */
		696F16C727FDFE55004571BA /* Build configuration list for PBXProject "MarketList" */ = {
			isa = XCConfigurationList;
			buildConfigurations = (
				696F16E127FDFE57004571BA /* Debug */,
				696F16E227FDFE57004571BA /* Release */,
			);
			defaultConfigurationIsVisible = 0;
			defaultConfigurationName = Release;
		};
		696F16E327FDFE57004571BA /* Build configuration list for PBXNativeTarget "MarketList" */ = {
			isa = XCConfigurationList;
			buildConfigurations = (
				696F16E427FDFE57004571BA /* Debug */,
				696F16E527FDFE57004571BA /* Release */,
			);
			defaultConfigurationIsVisible = 0;
			defaultConfigurationName = Release;
		};
/* End XCConfigurationList section */

/* Begin XCVersionGroup section */
		696F16D827FDFE55004571BA /* MarketList.xcdatamodeld */ = {
			isa = XCVersionGroup;
			children = (
				696F16D927FDFE55004571BA /* MarketList.xcdatamodel */,
			);
			currentVersion = 696F16D927FDFE55004571BA /* MarketList.xcdatamodel */;
			path = MarketList.xcdatamodeld;
			sourceTree = "<group>";
			versionGroupType = wrapper.xcdatamodel;
		};
/* End XCVersionGroup section */
	};
	rootObject = 696F16C427FDFE55004571BA /* Project object */;
}
